
Microsoft Visual Studio Solution File, Format Version 12.00
# Visual Studio Version 16
VisualStudioVersion = 16.0.31205.134
MinimumVisualStudioVersion = 10.0.40219.1
Project("{FAE04EC0-301F-11D3-BF4B-00C04F79EFBC}") = "ConsoleCalculator", "ConsoleCalculator\ConsoleCalculator.csproj", "{A44A6720-0FE2-43C0-89E2-C680B4219259}"
EndProject
Project("{FAE04EC0-301F-11D3-BF4B-00C04F79EFBC}") = "ConsoleCalculator.Tests.MSTest", "ConsoleCalculator.Tests.MSTest\ConsoleCalculator.Tests.MSTest.csproj", "{9A6F8F1D-9187-4E24-B7BD-4423A4702FC4}"
EndProject
Project("{FAE04EC0-301F-11D3-BF4B-00C04F79EFBC}") = "ConsoleCalculator.Tests.NUnit", "ConsoleCalculator.Tests.NUnit\ConsoleCalculator.Tests.NUnit.csproj", "{54FDB91E-4FA8-4345-B011-A8874D760FA8}"
EndProject
Project("{FAE04EC0-301F-11D3-BF4B-00C04F79EFBC}") = "ConsoleCalculator.Tests.Xunit", "ConsoleCalculator.Tests.Xunit\ConsoleCalculator.Tests.Xunit.csproj", "{35DA1E36-4559-4985-8C64-5CD19E38928D}"
EndProject
Global
	GlobalSection(SolutionConfigurationPlatforms) = preSolution
		Debug|Any CPU = Debug|Any CPU
		Release|Any CPU = Release|Any CPU
	EndGlobalSection
	GlobalSection(ProjectConfigurationPlatforms) = postSolution
		{A44A6720-0FE2-43C0-89E2-C680B4219259}.Debug|Any CPU.ActiveCfg = Debug|Any CPU
		{A44A6720-0FE2-43C0-89E2-C680B4219259}.Debug|Any CPU.Build.0 = Debug|Any CPU
		{A44A6720-0FE2-43C0-89E2-C680B4219259}.Release|Any CPU.ActiveCfg = Release|Any CPU
		{A44A6720-0FE2-43C0-89E2-C680B4219259}.Release|Any CPU.Build.0 = Release|Any CPU
		{9A6F8F1D-9187-4E24-B7BD-4423A4702FC4}.Debug|Any CPU.ActiveCfg = Debug|Any CPU
		{9A6F8F1D-9187-4E24-B7BD-4423A4702FC4}.Debug|Any CPU.Build.0 = Debug|Any CPU
		{9A6F8F1D-9187-4E24-B7BD-4423A4702FC4}.Release|Any CPU.ActiveCfg = Release|Any CPU
		{9A6F8F1D-9187-4E24-B7BD-4423A4702FC4}.Release|Any CPU.Build.0 = Release|Any CPU
		{54FDB91E-4FA8-4345-B011-A8874D760FA8}.Debug|Any CPU.ActiveCfg = Debug|Any CPU
		{54FDB91E-4FA8-4345-B011-A8874D760FA8}.Debug|Any CPU.Build.0 = Debug|Any CPU
		{54FDB91E-4FA8-4345-B011-A8874D760FA8}.Release|Any CPU.ActiveCfg = Release|Any CPU
		{54FDB91E-4FA8-4345-B011-A8874D760FA8}.Release|Any CPU.Build.0 = Release|Any CPU
		{35DA1E36-4559-4985-8C64-5CD19E38928D}.Debug|Any CPU.ActiveCfg = Debug|Any CPU
		{35DA1E36-4559-4985-8C64-5CD19E38928D}.Debug|Any CPU.Build.0 = Debug|Any CPU
		{35DA1E36-4559-4985-8C64-5CD19E38928D}.Release|Any CPU.ActiveCfg = Release|Any CPU
		{35DA1E36-4559-4985-8C64-5CD19E38928D}.Release|Any CPU.Build.0 = Release|Any CPU
	EndGlobalSection
	GlobalSection(SolutionProperties) = preSolution
		HideSolutionNode = FALSE
	EndGlobalSection
	GlobalSection(ExtensibilityGlobals) = postSolution
		SolutionGuid = {A5E720F5-72BC-4468-9EAF-D3B56BED42D9}
	EndGlobalSection
EndGlobal
